// !$*UTF8*$!
{
	archiveVersion = 1;
	classes = {
	};
	objectVersion = 46;
	objects = {

/* Begin PBXBuildFile section */
		910367F31A7E3B4900522B2B /* Model.swift in Sources */ = {isa = PBXBuildFile; fileRef = 910367F21A7E3B4900522B2B /* Model.swift */; };
		910367F91A7EC7CA00522B2B /* PlayersTableViewController.swift in Sources */ = {isa = PBXBuildFile; fileRef = 910367F81A7EC7CA00522B2B /* PlayersTableViewController.swift */; };
		910368051A841BAC00522B2B /* Game.swift in Sources */ = {isa = PBXBuildFile; fileRef = 910368041A841BAC00522B2B /* Game.swift */; };
		910368071A841C3700522B2B /* RedAppleGame.swift in Sources */ = {isa = PBXBuildFile; fileRef = 910368061A841C3700522B2B /* RedAppleGame.swift */; };
		910368091A841E5900522B2B /* Result.swift in Sources */ = {isa = PBXBuildFile; fileRef = 910368081A841E5900522B2B /* Result.swift */; };
		913544071B04058D00041AB6 /* SessionsTableViewController.swift in Sources */ = {isa = PBXBuildFile; fileRef = 913544061B04058D00041AB6 /* SessionsTableViewController.swift */; };
		9143468B1AFE8A65000FCF3A /* Model.xcdatamodeld in Sources */ = {isa = PBXBuildFile; fileRef = 914346891AFE8A65000FCF3A /* Model.xcdatamodeld */; };
		917E87901AAE466C00470759 /* GamesTableViewController.swift in Sources */ = {isa = PBXBuildFile; fileRef = 917E878F1AAE466C00470759 /* GamesTableViewController.swift */; };
		91AE3E631B0292ED00871B7A /* CoreDataStack.swift in Sources */ = {isa = PBXBuildFile; fileRef = 91AE3E621B0292ED00871B7A /* CoreDataStack.swift */; };
		91BD64DE1AB0ED1A00130444 /* FishesAndMiceGame.swift in Sources */ = {isa = PBXBuildFile; fileRef = 91BD64DD1AB0ED1A00130444 /* FishesAndMiceGame.swift */; };
		91E5C3B41A6BD5C400905752 /* AppDelegate.swift in Sources */ = {isa = PBXBuildFile; fileRef = 91E5C3B31A6BD5C400905752 /* AppDelegate.swift */; };
		91E5C3BB1A6BD5C400905752 /* Main.storyboard in Resources */ = {isa = PBXBuildFile; fileRef = 91E5C3B91A6BD5C400905752 /* Main.storyboard */; };
		91E5C3BD1A6BD5C400905752 /* Images.xcassets in Resources */ = {isa = PBXBuildFile; fileRef = 91E5C3BC1A6BD5C400905752 /* Images.xcassets */; };
		91E5C3C01A6BD5C400905752 /* LaunchScreen.xib in Resources */ = {isa = PBXBuildFile; fileRef = 91E5C3BE1A6BD5C400905752 /* LaunchScreen.xib */; };
		91E5C3CC1A6BD5C400905752 /* ECABTests.swift in Sources */ = {isa = PBXBuildFile; fileRef = 91E5C3CB1A6BD5C400905752 /* ECABTests.swift */; };
		91E5C3D71A6BDB5000905752 /* MenuViewController.swift in Sources */ = {isa = PBXBuildFile; fileRef = 91E5C3D61A6BDB5000905752 /* MenuViewController.swift */; };
		91E5C3D91A6BDD8300905752 /* HistoryViewController.swift in Sources */ = {isa = PBXBuildFile; fileRef = 91E5C3D81A6BDD8300905752 /* HistoryViewController.swift */; };
		91E5C4161A6C6CEC00905752 /* RedAppleCollectionViewController.swift in Sources */ = {isa = PBXBuildFile; fileRef = 91E5C4151A6C6CEC00905752 /* RedAppleCollectionViewController.swift */; };
		91E5C41A1A6C6F5400905752 /* RedAppleCollectionViewCell.swift in Sources */ = {isa = PBXBuildFile; fileRef = 91E5C4191A6C6F5400905752 /* RedAppleCollectionViewCell.swift */; };
		91F378471A754EA000D2F77B /* RedAppleBoard.swift in Sources */ = {isa = PBXBuildFile; fileRef = 91F378461A754EA000D2F77B /* RedAppleBoard.swift */; };
		91F3784B1A75529000D2F77B /* GamePeace.swift in Sources */ = {isa = PBXBuildFile; fileRef = 91F3784A1A75529000D2F77B /* GamePeace.swift */; };
		91F448101B089A100082EB6A /* Data.swift in Sources */ = {isa = PBXBuildFile; fileRef = 91F4480F1B089A100082EB6A /* Data.swift */; };
		91F448121B089A110082EB6A /* Player.swift in Sources */ = {isa = PBXBuildFile; fileRef = 91F448111B089A110082EB6A /* Player.swift */; };
		91F448161B089A110082EB6A /* Move.swift in Sources */ = {isa = PBXBuildFile; fileRef = 91F448151B089A110082EB6A /* Move.swift */; };
		91F4481B1B089B170082EB6A /* Session.swift in Sources */ = {isa = PBXBuildFile; fileRef = 91F4481A1B089B170082EB6A /* Session.swift */; };
/* End PBXBuildFile section */

/* Begin PBXContainerItemProxy section */
		91E5C3C61A6BD5C400905752 /* PBXContainerItemProxy */ = {
			isa = PBXContainerItemProxy;
			containerPortal = 91E5C3A61A6BD5C400905752 /* Project object */;
			proxyType = 1;
			remoteGlobalIDString = 91E5C3AD1A6BD5C400905752;
			remoteInfo = ECAB;
		};
/* End PBXContainerItemProxy section */

/* Begin PBXFileReference section */
		910367F21A7E3B4900522B2B /* Model.swift */ = {isa = PBXFileReference; fileEncoding = 4; lastKnownFileType = sourcecode.swift; path = Model.swift; sourceTree = "<group>"; };
		910367F81A7EC7CA00522B2B /* PlayersTableViewController.swift */ = {isa = PBXFileReference; fileEncoding = 4; lastKnownFileType = sourcecode.swift; lineEnding = 0; path = PlayersTableViewController.swift; sourceTree = "<group>"; xcLanguageSpecificationIdentifier = xcode.lang.swift; };
		910368041A841BAC00522B2B /* Game.swift */ = {isa = PBXFileReference; fileEncoding = 4; lastKnownFileType = sourcecode.swift; lineEnding = 0; path = Game.swift; sourceTree = "<group>"; xcLanguageSpecificationIdentifier = xcode.lang.swift; };
		910368061A841C3700522B2B /* RedAppleGame.swift */ = {isa = PBXFileReference; fileEncoding = 4; lastKnownFileType = sourcecode.swift; lineEnding = 0; path = RedAppleGame.swift; sourceTree = "<group>"; xcLanguageSpecificationIdentifier = xcode.lang.swift; };
		910368081A841E5900522B2B /* Result.swift */ = {isa = PBXFileReference; fileEncoding = 4; lastKnownFileType = sourcecode.swift; path = Result.swift; sourceTree = "<group>"; };
		913544061B04058D00041AB6 /* SessionsTableViewController.swift */ = {isa = PBXFileReference; fileEncoding = 4; lastKnownFileType = sourcecode.swift; path = SessionsTableViewController.swift; sourceTree = "<group>"; };
		9143468A1AFE8A65000FCF3A /* Model.xcdatamodel */ = {isa = PBXFileReference; lastKnownFileType = wrapper.xcdatamodel; path = Model.xcdatamodel; sourceTree = "<group>"; };
		917E878F1AAE466C00470759 /* GamesTableViewController.swift */ = {isa = PBXFileReference; fileEncoding = 4; lastKnownFileType = sourcecode.swift; path = GamesTableViewController.swift; sourceTree = "<group>"; };
		91AE3E621B0292ED00871B7A /* CoreDataStack.swift */ = {isa = PBXFileReference; fileEncoding = 4; lastKnownFileType = sourcecode.swift; path = CoreDataStack.swift; sourceTree = "<group>"; };
		91BD64DD1AB0ED1A00130444 /* FishesAndMiceGame.swift */ = {isa = PBXFileReference; fileEncoding = 4; lastKnownFileType = sourcecode.swift; path = FishesAndMiceGame.swift; sourceTree = "<group>"; };
		91E5C3AE1A6BD5C400905752 /* ECAB.app */ = {isa = PBXFileReference; explicitFileType = wrapper.application; includeInIndex = 0; path = ECAB.app; sourceTree = BUILT_PRODUCTS_DIR; };
		91E5C3B21A6BD5C400905752 /* Info.plist */ = {isa = PBXFileReference; lastKnownFileType = text.plist.xml; path = Info.plist; sourceTree = "<group>"; };
		91E5C3B31A6BD5C400905752 /* AppDelegate.swift */ = {isa = PBXFileReference; lastKnownFileType = sourcecode.swift; path = AppDelegate.swift; sourceTree = "<group>"; };
		91E5C3BA1A6BD5C400905752 /* Base */ = {isa = PBXFileReference; lastKnownFileType = file.storyboard; name = Base; path = Base.lproj/Main.storyboard; sourceTree = "<group>"; };
		91E5C3BC1A6BD5C400905752 /* Images.xcassets */ = {isa = PBXFileReference; lastKnownFileType = folder.assetcatalog; path = Images.xcassets; sourceTree = "<group>"; };
		91E5C3BF1A6BD5C400905752 /* Base */ = {isa = PBXFileReference; lastKnownFileType = file.xib; name = Base; path = Base.lproj/LaunchScreen.xib; sourceTree = "<group>"; };
		91E5C3C51A6BD5C400905752 /* ECABTests.xctest */ = {isa = PBXFileReference; explicitFileType = wrapper.cfbundle; includeInIndex = 0; path = ECABTests.xctest; sourceTree = BUILT_PRODUCTS_DIR; };
		91E5C3CA1A6BD5C400905752 /* Info.plist */ = {isa = PBXFileReference; lastKnownFileType = text.plist.xml; path = Info.plist; sourceTree = "<group>"; };
		91E5C3CB1A6BD5C400905752 /* ECABTests.swift */ = {isa = PBXFileReference; lastKnownFileType = sourcecode.swift; path = ECABTests.swift; sourceTree = "<group>"; };
		91E5C3D61A6BDB5000905752 /* MenuViewController.swift */ = {isa = PBXFileReference; fileEncoding = 4; lastKnownFileType = sourcecode.swift; lineEnding = 0; path = MenuViewController.swift; sourceTree = "<group>"; xcLanguageSpecificationIdentifier = xcode.lang.swift; };
		91E5C3D81A6BDD8300905752 /* HistoryViewController.swift */ = {isa = PBXFileReference; fileEncoding = 4; lastKnownFileType = sourcecode.swift; path = HistoryViewController.swift; sourceTree = "<group>"; };
		91E5C4151A6C6CEC00905752 /* RedAppleCollectionViewController.swift */ = {isa = PBXFileReference; fileEncoding = 4; lastKnownFileType = sourcecode.swift; lineEnding = 0; path = RedAppleCollectionViewController.swift; sourceTree = "<group>"; xcLanguageSpecificationIdentifier = xcode.lang.swift; };
		91E5C4191A6C6F5400905752 /* RedAppleCollectionViewCell.swift */ = {isa = PBXFileReference; fileEncoding = 4; lastKnownFileType = sourcecode.swift; lineEnding = 0; path = RedAppleCollectionViewCell.swift; sourceTree = "<group>"; xcLanguageSpecificationIdentifier = xcode.lang.swift; };
		91F378461A754EA000D2F77B /* RedAppleBoard.swift */ = {isa = PBXFileReference; fileEncoding = 4; lastKnownFileType = sourcecode.swift; lineEnding = 0; path = RedAppleBoard.swift; sourceTree = "<group>"; xcLanguageSpecificationIdentifier = xcode.lang.swift; };
		91F3784A1A75529000D2F77B /* GamePeace.swift */ = {isa = PBXFileReference; fileEncoding = 4; lastKnownFileType = sourcecode.swift; path = GamePeace.swift; sourceTree = "<group>"; };
		91F4480F1B089A100082EB6A /* Data.swift */ = {isa = PBXFileReference; fileEncoding = 4; lastKnownFileType = sourcecode.swift; path = Data.swift; sourceTree = "<group>"; };
		91F448111B089A110082EB6A /* Player.swift */ = {isa = PBXFileReference; fileEncoding = 4; lastKnownFileType = sourcecode.swift; path = Player.swift; sourceTree = "<group>"; };
		91F448151B089A110082EB6A /* Move.swift */ = {isa = PBXFileReference; fileEncoding = 4; lastKnownFileType = sourcecode.swift; path = Move.swift; sourceTree = "<group>"; };
		91F4481A1B089B170082EB6A /* Session.swift */ = {isa = PBXFileReference; fileEncoding = 4; lastKnownFileType = sourcecode.swift; path = Session.swift; sourceTree = "<group>"; };
/* End PBXFileReference section */

/* Begin PBXFrameworksBuildPhase section */
		91E5C3AB1A6BD5C400905752 /* Frameworks */ = {
			isa = PBXFrameworksBuildPhase;
			buildActionMask = 2147483647;
			files = (
			);
			runOnlyForDeploymentPostprocessing = 0;
		};
		91E5C3C21A6BD5C400905752 /* Frameworks */ = {
			isa = PBXFrameworksBuildPhase;
			buildActionMask = 2147483647;
			files = (
			);
			runOnlyForDeploymentPostprocessing = 0;
		};
/* End PBXFrameworksBuildPhase section */

/* Begin PBXGroup section */
		91E5C3A51A6BD5C400905752 = {
			isa = PBXGroup;
			children = (
				914346891AFE8A65000FCF3A /* Model.xcdatamodeld */,
				91E5C3B01A6BD5C400905752 /* ECAB */,
				91E5C3C81A6BD5C400905752 /* ECABTests */,
				91E5C3AF1A6BD5C400905752 /* Products */,
			);
			sourceTree = "<group>";
		};
		91E5C3AF1A6BD5C400905752 /* Products */ = {
			isa = PBXGroup;
			children = (
				91E5C3AE1A6BD5C400905752 /* ECAB.app */,
				91E5C3C51A6BD5C400905752 /* ECABTests.xctest */,
			);
			name = Products;
			sourceTree = "<group>";
		};
		91E5C3B01A6BD5C400905752 /* ECAB */ = {
			isa = PBXGroup;
			children = (
				91F448171B089A1C0082EB6A /* Data */,
				91E5C3DC1A6C205600905752 /* Model */,
				91E5C3DB1A6C204D00905752 /* View */,
				91E5C3DA1A6C204500905752 /* Controller */,
				91E5C3BC1A6BD5C400905752 /* Images.xcassets */,
				91E5C3B11A6BD5C400905752 /* Supporting Files */,
			);
			path = ECAB;
			sourceTree = "<group>";
		};
		91E5C3B11A6BD5C400905752 /* Supporting Files */ = {
			isa = PBXGroup;
			children = (
				91E5C3B31A6BD5C400905752 /* AppDelegate.swift */,
				91E5C3BE1A6BD5C400905752 /* LaunchScreen.xib */,
				91E5C3B21A6BD5C400905752 /* Info.plist */,
			);
			name = "Supporting Files";
			sourceTree = "<group>";
		};
		91E5C3C81A6BD5C400905752 /* ECABTests */ = {
			isa = PBXGroup;
			children = (
				91E5C3CB1A6BD5C400905752 /* ECABTests.swift */,
				91E5C3C91A6BD5C400905752 /* Supporting Files */,
			);
			path = ECABTests;
			sourceTree = "<group>";
		};
		91E5C3C91A6BD5C400905752 /* Supporting Files */ = {
			isa = PBXGroup;
			children = (
				91E5C3CA1A6BD5C400905752 /* Info.plist */,
			);
			name = "Supporting Files";
			sourceTree = "<group>";
		};
		91E5C3DA1A6C204500905752 /* Controller */ = {
			isa = PBXGroup;
			children = (
				910367F81A7EC7CA00522B2B /* PlayersTableViewController.swift */,
				91E5C4151A6C6CEC00905752 /* RedAppleCollectionViewController.swift */,
				91E5C3D61A6BDB5000905752 /* MenuViewController.swift */,
				91E5C3D81A6BDD8300905752 /* HistoryViewController.swift */,
				917E878F1AAE466C00470759 /* GamesTableViewController.swift */,
				913544061B04058D00041AB6 /* SessionsTableViewController.swift */,
			);
			name = Controller;
			sourceTree = "<group>";
		};
		91E5C3DB1A6C204D00905752 /* View */ = {
			isa = PBXGroup;
			children = (
				91E5C3B91A6BD5C400905752 /* Main.storyboard */,
				91E5C4191A6C6F5400905752 /* RedAppleCollectionViewCell.swift */,
			);
			name = View;
			sourceTree = "<group>";
		};
		91E5C3DC1A6C205600905752 /* Model */ = {
			isa = PBXGroup;
			children = (
				910367F21A7E3B4900522B2B /* Model.swift */,
				91F378461A754EA000D2F77B /* RedAppleBoard.swift */,
				910368041A841BAC00522B2B /* Game.swift */,
				91F3784A1A75529000D2F77B /* GamePeace.swift */,
				910368081A841E5900522B2B /* Result.swift */,
				910368061A841C3700522B2B /* RedAppleGame.swift */,
				91BD64DD1AB0ED1A00130444 /* FishesAndMiceGame.swift */,
				91AE3E621B0292ED00871B7A /* CoreDataStack.swift */,
			);
			name = Model;
			sourceTree = "<group>";
		};
		91F448171B089A1C0082EB6A /* Data */ = {
			isa = PBXGroup;
			children = (
				91F4481A1B089B170082EB6A /* Session.swift */,
				91F448151B089A110082EB6A /* Move.swift */,
				91F448111B089A110082EB6A /* Player.swift */,
				91F4480F1B089A100082EB6A /* Data.swift */,
			);
			name = Data;
			sourceTree = "<group>";
		};
/* End PBXGroup section */

/* Begin PBXNativeTarget section */
		91E5C3AD1A6BD5C400905752 /* ECAB */ = {
			isa = PBXNativeTarget;
			buildConfigurationList = 91E5C3CF1A6BD5C400905752 /* Build configuration list for PBXNativeTarget "ECAB" */;
			buildPhases = (
				91E5C3AA1A6BD5C400905752 /* Sources */,
				91E5C3AB1A6BD5C400905752 /* Frameworks */,
				91E5C3D51A6BD60300905752 /* ShellScript */,
				91E5C3AC1A6BD5C400905752 /* Resources */,
			);
			buildRules = (
			);
			dependencies = (
			);
			name = ECAB;
			productName = ECAB;
			productReference = 91E5C3AE1A6BD5C400905752 /* ECAB.app */;
			productType = "com.apple.product-type.application";
		};
		91E5C3C41A6BD5C400905752 /* ECABTests */ = {
			isa = PBXNativeTarget;
			buildConfigurationList = 91E5C3D21A6BD5C400905752 /* Build configuration list for PBXNativeTarget "ECABTests" */;
			buildPhases = (
				91E5C3C11A6BD5C400905752 /* Sources */,
				91E5C3C21A6BD5C400905752 /* Frameworks */,
				91E5C3C31A6BD5C400905752 /* Resources */,
			);
			buildRules = (
			);
			dependencies = (
				91E5C3C71A6BD5C400905752 /* PBXTargetDependency */,
			);
			name = ECABTests;
			productName = ECABTests;
			productReference = 91E5C3C51A6BD5C400905752 /* ECABTests.xctest */;
			productType = "com.apple.product-type.bundle.unit-test";
		};
/* End PBXNativeTarget section */

/* Begin PBXProject section */
		91E5C3A61A6BD5C400905752 /* Project object */ = {
			isa = PBXProject;
			attributes = {
				CLASSPREFIX = ECAB;
				LastUpgradeCheck = 0610;
				ORGANIZATIONNAME = "Oliver Braddick and Jan Atkinson";
				TargetAttributes = {
					91E5C3AD1A6BD5C400905752 = {
						CreatedOnToolsVersion = 6.1.1;
						DevelopmentTeam = AF8594QJUT;
					};
					91E5C3C41A6BD5C400905752 = {
						CreatedOnToolsVersion = 6.1.1;
						TestTargetID = 91E5C3AD1A6BD5C400905752;
					};
				};
			};
			buildConfigurationList = 91E5C3A91A6BD5C400905752 /* Build configuration list for PBXProject "ECAB" */;
			compatibilityVersion = "Xcode 3.2";
			developmentRegion = English;
			hasScannedForEncodings = 0;
			knownRegions = (
				en,
				Base,
			);
			mainGroup = 91E5C3A51A6BD5C400905752;
			productRefGroup = 91E5C3AF1A6BD5C400905752 /* Products */;
			projectDirPath = "";
			projectRoot = "";
			targets = (
				91E5C3AD1A6BD5C400905752 /* ECAB */,
				91E5C3C41A6BD5C400905752 /* ECABTests */,
			);
		};
/* End PBXProject section */

/* Begin PBXResourcesBuildPhase section */
		91E5C3AC1A6BD5C400905752 /* Resources */ = {
			isa = PBXResourcesBuildPhase;
			buildActionMask = 2147483647;
			files = (
				91E5C3BB1A6BD5C400905752 /* Main.storyboard in Resources */,
				91E5C3C01A6BD5C400905752 /* LaunchScreen.xib in Resources */,
				91E5C3BD1A6BD5C400905752 /* Images.xcassets in Resources */,
			);
			runOnlyForDeploymentPostprocessing = 0;
		};
		91E5C3C31A6BD5C400905752 /* Resources */ = {
			isa = PBXResourcesBuildPhase;
			buildActionMask = 2147483647;
			files = (
			);
			runOnlyForDeploymentPostprocessing = 0;
		};
/* End PBXResourcesBuildPhase section */

/* Begin PBXShellScriptBuildPhase section */
		91E5C3D51A6BD60300905752 /* ShellScript */ = {
			isa = PBXShellScriptBuildPhase;
			buildActionMask = 2147483647;
			files = (
			);
			inputPaths = (
			);
			outputPaths = (
			);
			runOnlyForDeploymentPostprocessing = 0;
			shellPath = /bin/bash;
			shellScript = "buildNumber=$(/usr/libexec/PlistBuddy -c \"Print CFBundleVersion\" \"$INFOPLIST_FILE\")\nbuildNumber=$(($buildNumber + 1))\n/usr/libexec/PlistBuddy -c \"Set :CFBundleVersion $buildNumber\" \"$INFOPLIST_FILE\"";
		};
/* End PBXShellScriptBuildPhase section */

/* Begin PBXSourcesBuildPhase section */
		91E5C3AA1A6BD5C400905752 /* Sources */ = {
			isa = PBXSourcesBuildPhase;
			buildActionMask = 2147483647;
			files = (
				91E5C41A1A6C6F5400905752 /* RedAppleCollectionViewCell.swift in Sources */,
				910368051A841BAC00522B2B /* Game.swift in Sources */,
				91AE3E631B0292ED00871B7A /* CoreDataStack.swift in Sources */,
				91BD64DE1AB0ED1A00130444 /* FishesAndMiceGame.swift in Sources */,
				91F448161B089A110082EB6A /* Move.swift in Sources */,
				91F448121B089A110082EB6A /* Player.swift in Sources */,
				91E5C3D71A6BDB5000905752 /* MenuViewController.swift in Sources */,
				91F378471A754EA000D2F77B /* RedAppleBoard.swift in Sources */,
				91F448101B089A100082EB6A /* Data.swift in Sources */,
				913544071B04058D00041AB6 /* SessionsTableViewController.swift in Sources */,
				91E5C3B41A6BD5C400905752 /* AppDelegate.swift in Sources */,
				9143468B1AFE8A65000FCF3A /* Model.xcdatamodeld in Sources */,
				910368071A841C3700522B2B /* RedAppleGame.swift in Sources */,
				917E87901AAE466C00470759 /* GamesTableViewController.swift in Sources */,
				91F4481B1B089B170082EB6A /* Session.swift in Sources */,
				91F3784B1A75529000D2F77B /* GamePeace.swift in Sources */,
				910368091A841E5900522B2B /* Result.swift in Sources */,
				91E5C3D91A6BDD8300905752 /* HistoryViewController.swift in Sources */,
				91E5C4161A6C6CEC00905752 /* RedAppleCollectionViewController.swift in Sources */,
				910367F91A7EC7CA00522B2B /* PlayersTableViewController.swift in Sources */,
				910367F31A7E3B4900522B2B /* Model.swift in Sources */,
			);
			runOnlyForDeploymentPostprocessing = 0;
		};
		91E5C3C11A6BD5C400905752 /* Sources */ = {
			isa = PBXSourcesBuildPhase;
			buildActionMask = 2147483647;
			files = (
				91E5C3CC1A6BD5C400905752 /* ECABTests.swift in Sources */,
			);
			runOnlyForDeploymentPostprocessing = 0;
		};
/* End PBXSourcesBuildPhase section */

/* Begin PBXTargetDependency section */
		91E5C3C71A6BD5C400905752 /* PBXTargetDependency */ = {
			isa = PBXTargetDependency;
			target = 91E5C3AD1A6BD5C400905752 /* ECAB */;
			targetProxy = 91E5C3C61A6BD5C400905752 /* PBXContainerItemProxy */;
		};
/* End PBXTargetDependency section */

/* Begin PBXVariantGroup section */
		91E5C3B91A6BD5C400905752 /* Main.storyboard */ = {
			isa = PBXVariantGroup;
			children = (
				91E5C3BA1A6BD5C400905752 /* Base */,
			);
			name = Main.storyboard;
			sourceTree = "<group>";
		};
		91E5C3BE1A6BD5C400905752 /* LaunchScreen.xib */ = {
			isa = PBXVariantGroup;
			children = (
				91E5C3BF1A6BD5C400905752 /* Base */,
			);
			name = LaunchScreen.xib;
			sourceTree = "<group>";
		};
/* End PBXVariantGroup section */

/* Begin XCBuildConfiguration section */
		91E5C3CD1A6BD5C400905752 /* Debug */ = {
			isa = XCBuildConfiguration;
			buildSettings = {
				ALWAYS_SEARCH_USER_PATHS = NO;
				CLANG_CXX_LANGUAGE_STANDARD = "gnu++0x";
				CLANG_CXX_LIBRARY = "libc++";
				CLANG_ENABLE_MODULES = YES;
				CLANG_ENABLE_OBJC_ARC = YES;
				CLANG_WARN_BOOL_CONVERSION = YES;
				CLANG_WARN_CONSTANT_CONVERSION = YES;
				CLANG_WARN_DIRECT_OBJC_ISA_USAGE = YES_ERROR;
				CLANG_WARN_EMPTY_BODY = YES;
				CLANG_WARN_ENUM_CONVERSION = YES;
				CLANG_WARN_INT_CONVERSION = YES;
				CLANG_WARN_OBJC_ROOT_CLASS = YES_ERROR;
				CLANG_WARN_UNREACHABLE_CODE = YES;
				CLANG_WARN__DUPLICATE_METHOD_MATCH = YES;
				"CODE_SIGN_IDENTITY[sdk=iphoneos*]" = "iPhone Developer";
				COPY_PHASE_STRIP = NO;
				ENABLE_STRICT_OBJC_MSGSEND = YES;
				GCC_C_LANGUAGE_STANDARD = gnu99;
				GCC_DYNAMIC_NO_PIC = NO;
				GCC_OPTIMIZATION_LEVEL = 0;
				GCC_PREPROCESSOR_DEFINITIONS = (
					"DEBUG=1",
					"$(inherited)",
				);
				GCC_SYMBOLS_PRIVATE_EXTERN = NO;
				GCC_WARN_64_TO_32_BIT_CONVERSION = YES;
				GCC_WARN_ABOUT_RETURN_TYPE = YES_ERROR;
				GCC_WARN_UNDECLARED_SELECTOR = YES;
				GCC_WARN_UNINITIALIZED_AUTOS = YES_AGGRESSIVE;
				GCC_WARN_UNUSED_FUNCTION = YES;
				GCC_WARN_UNUSED_VARIABLE = YES;
				IPHONEOS_DEPLOYMENT_TARGET = 8.1;
				MTL_ENABLE_DEBUG_INFO = YES;
				ONLY_ACTIVE_ARCH = YES;
				SDKROOT = iphoneos;
				SWIFT_OPTIMIZATION_LEVEL = "-Onone";
				TARGETED_DEVICE_FAMILY = 2;
			};
			name = Debug;
		};
		91E5C3CE1A6BD5C400905752 /* Release */ = {
			isa = XCBuildConfiguration;
			buildSettings = {
				ALWAYS_SEARCH_USER_PATHS = NO;
				CLANG_CXX_LANGUAGE_STANDARD = "gnu++0x";
				CLANG_CXX_LIBRARY = "libc++";
				CLANG_ENABLE_MODULES = YES;
				CLANG_ENABLE_OBJC_ARC = YES;
				CLANG_WARN_BOOL_CONVERSION = YES;
				CLANG_WARN_CONSTANT_CONVERSION = YES;
				CLANG_WARN_DIRECT_OBJC_ISA_USAGE = YES_ERROR;
				CLANG_WARN_EMPTY_BODY = YES;
				CLANG_WARN_ENUM_CONVERSION = YES;
				CLANG_WARN_INT_CONVERSION = YES;
				CLANG_WARN_OBJC_ROOT_CLASS = YES_ERROR;
				CLANG_WARN_UNREACHABLE_CODE = YES;
				CLANG_WARN__DUPLICATE_METHOD_MATCH = YES;
				"CODE_SIGN_IDENTITY[sdk=iphoneos*]" = "iPhone Developer";
				COPY_PHASE_STRIP = YES;
				ENABLE_NS_ASSERTIONS = NO;
				ENABLE_STRICT_OBJC_MSGSEND = YES;
				GCC_C_LANGUAGE_STANDARD = gnu99;
				GCC_WARN_64_TO_32_BIT_CONVERSION = YES;
				GCC_WARN_ABOUT_RETURN_TYPE = YES_ERROR;
				GCC_WARN_UNDECLARED_SELECTOR = YES;
				GCC_WARN_UNINITIALIZED_AUTOS = YES_AGGRESSIVE;
				GCC_WARN_UNUSED_FUNCTION = YES;
				GCC_WARN_UNUSED_VARIABLE = YES;
				IPHONEOS_DEPLOYMENT_TARGET = 8.1;
				MTL_ENABLE_DEBUG_INFO = NO;
				SDKROOT = iphoneos;
				TARGETED_DEVICE_FAMILY = 2;
				VALIDATE_PRODUCT = YES;
			};
			name = Release;
		};
		91E5C3D01A6BD5C400905752 /* Debug */ = {
			isa = XCBuildConfiguration;
			buildSettings = {
				ASSETCATALOG_COMPILER_APPICON_NAME = AppIcon;
				CODE_SIGN_IDENTITY = "iPhone Developer";
				"CODE_SIGN_IDENTITY[sdk=iphoneos*]" = "iPhone Developer";
				INFOPLIST_FILE = ECAB/Info.plist;
				LD_RUNPATH_SEARCH_PATHS = "$(inherited) @executable_path/Frameworks";
				PRODUCT_NAME = "$(TARGET_NAME)";
				PROVISIONING_PROFILE = "";
			};
			name = Debug;
		};
		91E5C3D11A6BD5C400905752 /* Release */ = {
			isa = XCBuildConfiguration;
			buildSettings = {
				ASSETCATALOG_COMPILER_APPICON_NAME = AppIcon;
				CODE_SIGN_IDENTITY = "iPhone Developer";
				"CODE_SIGN_IDENTITY[sdk=iphoneos*]" = "iPhone Developer";
				INFOPLIST_FILE = ECAB/Info.plist;
				LD_RUNPATH_SEARCH_PATHS = "$(inherited) @executable_path/Frameworks";
				PRODUCT_NAME = "$(TARGET_NAME)";
				PROVISIONING_PROFILE = "";
			};
			name = Release;
		};
		91E5C3D31A6BD5C400905752 /* Debug */ = {
			isa = XCBuildConfiguration;
			buildSettings = {
				BUNDLE_LOADER = "$(TEST_HOST)";
				FRAMEWORK_SEARCH_PATHS = (
					"$(SDKROOT)/Developer/Library/Frameworks",
					"$(inherited)",
				);
				GCC_PREPROCESSOR_DEFINITIONS = (
					"DEBUG=1",
					"$(inherited)",
				);
				INFOPLIST_FILE = ECABTests/Info.plist;
				LD_RUNPATH_SEARCH_PATHS = "$(inherited) @executable_path/Frameworks @loader_path/Frameworks";
				PRODUCT_NAME = "$(TARGET_NAME)";
				TEST_HOST = "$(BUILT_PRODUCTS_DIR)/ECAB.app/ECAB";
			};
			name = Debug;
		};
		91E5C3D41A6BD5C400905752 /* Release */ = {
			isa = XCBuildConfiguration;
			buildSettings = {
				BUNDLE_LOADER = "$(TEST_HOST)";
				FRAMEWORK_SEARCH_PATHS = (
					"$(SDKROOT)/Developer/Library/Frameworks",
					"$(inherited)",
				);
				INFOPLIST_FILE = ECABTests/Info.plist;
				LD_RUNPATH_SEARCH_PATHS = "$(inherited) @executable_path/Frameworks @loader_path/Frameworks";
				PRODUCT_NAME = "$(TARGET_NAME)";
				TEST_HOST = "$(BUILT_PRODUCTS_DIR)/ECAB.app/ECAB";
			};
			name = Release;
		};
/* End XCBuildConfiguration section */

/* Begin XCConfigurationList section */
		91E5C3A91A6BD5C400905752 /* Build configuration list for PBXProject "ECAB" */ = {
			isa = XCConfigurationList;
			buildConfigurations = (
				91E5C3CD1A6BD5C400905752 /* Debug */,
				91E5C3CE1A6BD5C400905752 /* Release */,
			);
			defaultConfigurationIsVisible = 0;
			defaultConfigurationName = Release;
		};
		91E5C3CF1A6BD5C400905752 /* Build configuration list for PBXNativeTarget "ECAB" */ = {
			isa = XCConfigurationList;
			buildConfigurations = (
				91E5C3D01A6BD5C400905752 /* Debug */,
				91E5C3D11A6BD5C400905752 /* Release */,
			);
			defaultConfigurationIsVisible = 0;
			defaultConfigurationName = Release;
		};
		91E5C3D21A6BD5C400905752 /* Build configuration list for PBXNativeTarget "ECABTests" */ = {
			isa = XCConfigurationList;
			buildConfigurations = (
				91E5C3D31A6BD5C400905752 /* Debug */,
				91E5C3D41A6BD5C400905752 /* Release */,
			);
			defaultConfigurationIsVisible = 0;
			defaultConfigurationName = Release;
		};
/* End XCConfigurationList section */

/* Begin XCVersionGroup section */
		914346891AFE8A65000FCF3A /* Model.xcdatamodeld */ = {
			isa = XCVersionGroup;
			children = (
				9143468A1AFE8A65000FCF3A /* Model.xcdatamodel */,
			);
			currentVersion = 9143468A1AFE8A65000FCF3A /* Model.xcdatamodel */;
			path = Model.xcdatamodeld;
			sourceTree = "<group>";
			versionGroupType = wrapper.xcdatamodel;
		};
/* End XCVersionGroup section */
	};
	rootObject = 91E5C3A61A6BD5C400905752 /* Project object */;
}
