// !$*UTF8*$!
{
	archiveVersion = 1;
	classes = {
	};
	objectVersion = 46;
	objects = {

/* Begin PBXBuildFile section */
		910367F31A7E3B4900522B2B /* Model.swift in Sources */ = {isa = PBXBuildFile; fileRef = 910367F21A7E3B4900522B2B /* Model.swift */; };
		910367F91A7EC7CA00522B2B /* PlayersTableViewController.swift in Sources */ = {isa = PBXBuildFile; fileRef = 910367F81A7EC7CA00522B2B /* PlayersTableViewController.swift */; };
		910791E51C5EA21200199A5D /* ECABLogCalculator.swift in Sources */ = {isa = PBXBuildFile; fileRef = 910791E41C5EA21200199A5D /* ECABLogCalculator.swift */; };
		91279C6B1C282CBF00418A57 /* DataExportModel.swift in Sources */ = {isa = PBXBuildFile; fileRef = 91279C6A1C282CBF00418A57 /* DataExportModel.swift */; };
		9130B7991BC94D5100D26708 /* Data+CoreDataProperties.swift in Sources */ = {isa = PBXBuildFile; fileRef = 9130B7981BC94D5100D26708 /* Data+CoreDataProperties.swift */; };
		9130B79D1BCAA82500D26708 /* CounterpointingMove+CoreDataProperties.swift in Sources */ = {isa = PBXBuildFile; fileRef = 9130B79C1BCAA82500D26708 /* CounterpointingMove+CoreDataProperties.swift */; };
		9130B79F1BCAC83400D26708 /* beep-piano.aif in Resources */ = {isa = PBXBuildFile; fileRef = 9130B79E1BCAC83400D26708 /* beep-piano.aif */; };
		9130B7A11BD275E900D26708 /* CounterpointingSession+CoreDataProperties.swift in Sources */ = {isa = PBXBuildFile; fileRef = 9130B7A01BD275E900D26708 /* CounterpointingSession+CoreDataProperties.swift */; };
		913138911C393AAB00E79987 /* LogModel.swift in Sources */ = {isa = PBXBuildFile; fileRef = 913138901C393AAB00E79987 /* LogModel.swift */; };
		913544071B04058D00041AB6 /* SessionsTableViewController.swift in Sources */ = {isa = PBXBuildFile; fileRef = 913544061B04058D00041AB6 /* SessionsTableViewController.swift */; };
		91379BE61B52A4A300E3C293 /* CounterpointingSession.swift in Sources */ = {isa = PBXBuildFile; fileRef = 91379BE51B52A4A300E3C293 /* CounterpointingSession.swift */; };
		91379BEA1B52A4A400E3C293 /* CounterpointingMove.swift in Sources */ = {isa = PBXBuildFile; fileRef = 91379BE91B52A4A400E3C293 /* CounterpointingMove.swift */; };
		91379BEC1B52A4A400E3C293 /* Move.swift in Sources */ = {isa = PBXBuildFile; fileRef = 91379BEB1B52A4A400E3C293 /* Move.swift */; };
		91379BEE1B52A4A400E3C293 /* Session.swift in Sources */ = {isa = PBXBuildFile; fileRef = 91379BED1B52A4A400E3C293 /* Session.swift */; };
		91379BF01B52A4A400E3C293 /* Player.swift in Sources */ = {isa = PBXBuildFile; fileRef = 91379BEF1B52A4A400E3C293 /* Player.swift */; };
		91379BF21B52FEA600E3C293 /* Data.swift in Sources */ = {isa = PBXBuildFile; fileRef = 91379BF11B52FEA600E3C293 /* Data.swift */; };
		9143468B1AFE8A65000FCF3A /* Model.xcdatamodeld in Sources */ = {isa = PBXBuildFile; fileRef = 914346891AFE8A65000FCF3A /* Model.xcdatamodeld */; };
		91619A551B45CE80006E1AFC /* VisualSustainViewController.swift in Sources */ = {isa = PBXBuildFile; fileRef = 91619A541B45CE80006E1AFC /* VisualSustainViewController.swift */; };
		91658E921B0D1B5700879347 /* beep-attention.aif in Resources */ = {isa = PBXBuildFile; fileRef = 91658E911B0D1B5700879347 /* beep-attention.aif */; };
		91658E941B0D20E800879347 /* slide-magic.aif in Resources */ = {isa = PBXBuildFile; fileRef = 91658E931B0D20E800879347 /* slide-magic.aif */; };
		917E87901AAE466C00470759 /* TestsTableViewController.swift in Sources */ = {isa = PBXBuildFile; fileRef = 917E878F1AAE466C00470759 /* TestsTableViewController.swift */; };
		91AE3E631B0292ED00871B7A /* CoreDataStack.swift in Sources */ = {isa = PBXBuildFile; fileRef = 91AE3E621B0292ED00871B7A /* CoreDataStack.swift */; };
		91B494851B35981E00FAEE8A /* FlankerViewController.swift in Sources */ = {isa = PBXBuildFile; fileRef = 91B494841B35981D00FAEE8A /* FlankerViewController.swift */; };
		91B494871B3598B100FAEE8A /* TestViewController.swift in Sources */ = {isa = PBXBuildFile; fileRef = 91B494861B3598B100FAEE8A /* TestViewController.swift */; };
		91C8A67A1B24C0AC001F081A /* CounterpointingViewController.swift in Sources */ = {isa = PBXBuildFile; fileRef = 91C8A6791B24C0AC001F081A /* CounterpointingViewController.swift */; };
		91D609BA1D133C2D00B8241C /* Timer Extension.swift in Sources */ = {isa = PBXBuildFile; fileRef = 91D609B91D133C2D00B8241C /* Timer Extension.swift */; };
		91E5C3B41A6BD5C400905752 /* AppDelegate.swift in Sources */ = {isa = PBXBuildFile; fileRef = 91E5C3B31A6BD5C400905752 /* AppDelegate.swift */; };
		91E5C3BB1A6BD5C400905752 /* Main.storyboard in Resources */ = {isa = PBXBuildFile; fileRef = 91E5C3B91A6BD5C400905752 /* Main.storyboard */; };
		91E5C3BD1A6BD5C400905752 /* Images.xcassets in Resources */ = {isa = PBXBuildFile; fileRef = 91E5C3BC1A6BD5C400905752 /* Images.xcassets */; };
		91E5C3C01A6BD5C400905752 /* LaunchScreen.xib in Resources */ = {isa = PBXBuildFile; fileRef = 91E5C3BE1A6BD5C400905752 /* LaunchScreen.xib */; };
		91E5C3D71A6BDB5000905752 /* MenuViewController.swift in Sources */ = {isa = PBXBuildFile; fileRef = 91E5C3D61A6BDB5000905752 /* MenuViewController.swift */; };
		91E5C3D91A6BDD8300905752 /* HistoryViewController.swift in Sources */ = {isa = PBXBuildFile; fileRef = 91E5C3D81A6BDD8300905752 /* HistoryViewController.swift */; };
		91E5C4161A6C6CEC00905752 /* VisualSearchViewController.swift in Sources */ = {isa = PBXBuildFile; fileRef = 91E5C4151A6C6CEC00905752 /* VisualSearchViewController.swift */; };
		91E5C41A1A6C6F5400905752 /* VisualSearchCell.swift in Sources */ = {isa = PBXBuildFile; fileRef = 91E5C4191A6C6F5400905752 /* VisualSearchCell.swift */; };
		91F378471A754EA000D2F77B /* VisualSearchBoard.swift in Sources */ = {isa = PBXBuildFile; fileRef = 91F378461A754EA000D2F77B /* VisualSearchBoard.swift */; };
		91F3784B1A75529000D2F77B /* TestItem.swift in Sources */ = {isa = PBXBuildFile; fileRef = 91F3784A1A75529000D2F77B /* TestItem.swift */; };
		91FB39B21BDBC8FF00CB2ABA /* Session+CoreDataProperties.swift in Sources */ = {isa = PBXBuildFile; fileRef = 91FB39B11BDBC8FF00CB2ABA /* Session+CoreDataProperties.swift */; };
		91FB39B41BDC406000CB2ABA /* Move+CoreDataProperties.swift in Sources */ = {isa = PBXBuildFile; fileRef = 91FB39B31BDC406000CB2ABA /* Move+CoreDataProperties.swift */; };
/* End PBXBuildFile section */

/* Begin PBXFileReference section */
		910367F21A7E3B4900522B2B /* Model.swift */ = {isa = PBXFileReference; fileEncoding = 4; lastKnownFileType = sourcecode.swift; path = Model.swift; sourceTree = "<group>"; };
		910367F81A7EC7CA00522B2B /* PlayersTableViewController.swift */ = {isa = PBXFileReference; fileEncoding = 4; lastKnownFileType = sourcecode.swift; lineEnding = 0; path = PlayersTableViewController.swift; sourceTree = "<group>"; xcLanguageSpecificationIdentifier = xcode.lang.swift; };
		9106F1281CA6AC5C00A88607 /* Model v10.xcdatamodel */ = {isa = PBXFileReference; lastKnownFileType = wrapper.xcdatamodel; path = "Model v10.xcdatamodel"; sourceTree = "<group>"; };
		910791E41C5EA21200199A5D /* ECABLogCalculator.swift */ = {isa = PBXFileReference; fileEncoding = 4; lastKnownFileType = sourcecode.swift; path = ECABLogCalculator.swift; sourceTree = "<group>"; };
		91253DE71B2E1EC600773099 /* Model v2.xcdatamodel */ = {isa = PBXFileReference; lastKnownFileType = wrapper.xcdatamodel; path = "Model v2.xcdatamodel"; sourceTree = "<group>"; };
		91279C6A1C282CBF00418A57 /* DataExportModel.swift */ = {isa = PBXFileReference; fileEncoding = 4; lastKnownFileType = sourcecode.swift; path = DataExportModel.swift; sourceTree = "<group>"; };
		9130B7971BC94BD700D26708 /* Model v5.xcdatamodel */ = {isa = PBXFileReference; lastKnownFileType = wrapper.xcdatamodel; path = "Model v5.xcdatamodel"; sourceTree = "<group>"; };
		9130B7981BC94D5100D26708 /* Data+CoreDataProperties.swift */ = {isa = PBXFileReference; fileEncoding = 4; lastKnownFileType = sourcecode.swift; path = "Data+CoreDataProperties.swift"; sourceTree = "<group>"; };
		9130B79C1BCAA82500D26708 /* CounterpointingMove+CoreDataProperties.swift */ = {isa = PBXFileReference; fileEncoding = 4; lastKnownFileType = sourcecode.swift; path = "CounterpointingMove+CoreDataProperties.swift"; sourceTree = "<group>"; };
		9130B79E1BCAC83400D26708 /* beep-piano.aif */ = {isa = PBXFileReference; lastKnownFileType = file; path = "beep-piano.aif"; sourceTree = "<group>"; };
		9130B7A01BD275E900D26708 /* CounterpointingSession+CoreDataProperties.swift */ = {isa = PBXFileReference; fileEncoding = 4; lastKnownFileType = sourcecode.swift; path = "CounterpointingSession+CoreDataProperties.swift"; sourceTree = "<group>"; };
		9130B7A21BD2775700D26708 /* Model v6.xcdatamodel */ = {isa = PBXFileReference; lastKnownFileType = wrapper.xcdatamodel; path = "Model v6.xcdatamodel"; sourceTree = "<group>"; };
		913138901C393AAB00E79987 /* LogModel.swift */ = {isa = PBXFileReference; fileEncoding = 4; lastKnownFileType = sourcecode.swift; path = LogModel.swift; sourceTree = "<group>"; };
		913544061B04058D00041AB6 /* SessionsTableViewController.swift */ = {isa = PBXFileReference; fileEncoding = 4; lastKnownFileType = sourcecode.swift; path = SessionsTableViewController.swift; sourceTree = "<group>"; };
		91379BD41B528C9C00E3C293 /* Model v4.xcdatamodel */ = {isa = PBXFileReference; lastKnownFileType = wrapper.xcdatamodel; path = "Model v4.xcdatamodel"; sourceTree = "<group>"; };
		91379BE51B52A4A300E3C293 /* CounterpointingSession.swift */ = {isa = PBXFileReference; fileEncoding = 4; lastKnownFileType = sourcecode.swift; path = CounterpointingSession.swift; sourceTree = "<group>"; };
		91379BE91B52A4A400E3C293 /* CounterpointingMove.swift */ = {isa = PBXFileReference; fileEncoding = 4; lastKnownFileType = sourcecode.swift; path = CounterpointingMove.swift; sourceTree = "<group>"; };
		91379BEB1B52A4A400E3C293 /* Move.swift */ = {isa = PBXFileReference; fileEncoding = 4; lastKnownFileType = sourcecode.swift; path = Move.swift; sourceTree = "<group>"; };
		91379BED1B52A4A400E3C293 /* Session.swift */ = {isa = PBXFileReference; fileEncoding = 4; lastKnownFileType = sourcecode.swift; path = Session.swift; sourceTree = "<group>"; };
		91379BEF1B52A4A400E3C293 /* Player.swift */ = {isa = PBXFileReference; fileEncoding = 4; lastKnownFileType = sourcecode.swift; path = Player.swift; sourceTree = "<group>"; };
		91379BF11B52FEA600E3C293 /* Data.swift */ = {isa = PBXFileReference; fileEncoding = 4; lastKnownFileType = sourcecode.swift; path = Data.swift; sourceTree = "<group>"; };
		9143468A1AFE8A65000FCF3A /* Model.xcdatamodel */ = {isa = PBXFileReference; lastKnownFileType = wrapper.xcdatamodel; path = Model.xcdatamodel; sourceTree = "<group>"; };
		91619A541B45CE80006E1AFC /* VisualSustainViewController.swift */ = {isa = PBXFileReference; fileEncoding = 4; lastKnownFileType = sourcecode.swift; path = VisualSustainViewController.swift; sourceTree = "<group>"; };
		91658E911B0D1B5700879347 /* beep-attention.aif */ = {isa = PBXFileReference; lastKnownFileType = file; path = "beep-attention.aif"; sourceTree = "<group>"; };
		91658E931B0D20E800879347 /* slide-magic.aif */ = {isa = PBXFileReference; lastKnownFileType = file; path = "slide-magic.aif"; sourceTree = "<group>"; };
		917E878F1AAE466C00470759 /* TestsTableViewController.swift */ = {isa = PBXFileReference; fileEncoding = 4; lastKnownFileType = sourcecode.swift; path = TestsTableViewController.swift; sourceTree = "<group>"; };
		91AE3E621B0292ED00871B7A /* CoreDataStack.swift */ = {isa = PBXFileReference; fileEncoding = 4; lastKnownFileType = sourcecode.swift; path = CoreDataStack.swift; sourceTree = "<group>"; };
		91B494831B34987100FAEE8A /* Model v3.xcdatamodel */ = {isa = PBXFileReference; lastKnownFileType = wrapper.xcdatamodel; path = "Model v3.xcdatamodel"; sourceTree = "<group>"; };
		91B494841B35981D00FAEE8A /* FlankerViewController.swift */ = {isa = PBXFileReference; fileEncoding = 4; lastKnownFileType = sourcecode.swift; path = FlankerViewController.swift; sourceTree = "<group>"; };
		91B494861B3598B100FAEE8A /* TestViewController.swift */ = {isa = PBXFileReference; fileEncoding = 4; lastKnownFileType = sourcecode.swift; path = TestViewController.swift; sourceTree = "<group>"; };
		91C8A6791B24C0AC001F081A /* CounterpointingViewController.swift */ = {isa = PBXFileReference; fileEncoding = 4; lastKnownFileType = sourcecode.swift; path = CounterpointingViewController.swift; sourceTree = "<group>"; };
		91CCD65A1C01CDD300A445CC /* Model v8.xcdatamodel */ = {isa = PBXFileReference; lastKnownFileType = wrapper.xcdatamodel; path = "Model v8.xcdatamodel"; sourceTree = "<group>"; };
		91CCD65B1C0A3E3000A445CC /* Model v9.xcdatamodel */ = {isa = PBXFileReference; lastKnownFileType = wrapper.xcdatamodel; path = "Model v9.xcdatamodel"; sourceTree = "<group>"; };
		91D609B91D133C2D00B8241C /* Timer Extension.swift */ = {isa = PBXFileReference; fileEncoding = 4; lastKnownFileType = sourcecode.swift; path = "Timer Extension.swift"; sourceTree = "<group>"; };
		91E5C3AE1A6BD5C400905752 /* ECAB.app */ = {isa = PBXFileReference; explicitFileType = wrapper.application; includeInIndex = 0; path = ECAB.app; sourceTree = BUILT_PRODUCTS_DIR; };
		91E5C3B21A6BD5C400905752 /* Info.plist */ = {isa = PBXFileReference; lastKnownFileType = text.plist.xml; path = Info.plist; sourceTree = "<group>"; };
		91E5C3B31A6BD5C400905752 /* AppDelegate.swift */ = {isa = PBXFileReference; lastKnownFileType = sourcecode.swift; path = AppDelegate.swift; sourceTree = "<group>"; };
		91E5C3BA1A6BD5C400905752 /* Base */ = {isa = PBXFileReference; lastKnownFileType = file.storyboard; name = Base; path = Base.lproj/Main.storyboard; sourceTree = "<group>"; };
		91E5C3BC1A6BD5C400905752 /* Images.xcassets */ = {isa = PBXFileReference; lastKnownFileType = folder.assetcatalog; path = Images.xcassets; sourceTree = "<group>"; };
		91E5C3BF1A6BD5C400905752 /* Base */ = {isa = PBXFileReference; lastKnownFileType = file.xib; name = Base; path = Base.lproj/LaunchScreen.xib; sourceTree = "<group>"; };
		91E5C3D61A6BDB5000905752 /* MenuViewController.swift */ = {isa = PBXFileReference; fileEncoding = 4; lastKnownFileType = sourcecode.swift; lineEnding = 0; path = MenuViewController.swift; sourceTree = "<group>"; xcLanguageSpecificationIdentifier = xcode.lang.swift; };
		91E5C3D81A6BDD8300905752 /* HistoryViewController.swift */ = {isa = PBXFileReference; fileEncoding = 4; lastKnownFileType = sourcecode.swift; path = HistoryViewController.swift; sourceTree = "<group>"; };
		91E5C4151A6C6CEC00905752 /* VisualSearchViewController.swift */ = {isa = PBXFileReference; fileEncoding = 4; lastKnownFileType = sourcecode.swift; lineEnding = 0; path = VisualSearchViewController.swift; sourceTree = "<group>"; xcLanguageSpecificationIdentifier = xcode.lang.swift; };
		91E5C4191A6C6F5400905752 /* VisualSearchCell.swift */ = {isa = PBXFileReference; fileEncoding = 4; lastKnownFileType = sourcecode.swift; lineEnding = 0; path = VisualSearchCell.swift; sourceTree = "<group>"; xcLanguageSpecificationIdentifier = xcode.lang.swift; };
		91F378461A754EA000D2F77B /* VisualSearchBoard.swift */ = {isa = PBXFileReference; fileEncoding = 4; lastKnownFileType = sourcecode.swift; lineEnding = 0; path = VisualSearchBoard.swift; sourceTree = "<group>"; xcLanguageSpecificationIdentifier = xcode.lang.swift; };
		91F3784A1A75529000D2F77B /* TestItem.swift */ = {isa = PBXFileReference; fileEncoding = 4; lastKnownFileType = sourcecode.swift; path = TestItem.swift; sourceTree = "<group>"; };
		91FB39B01BDBC84B00CB2ABA /* Model v7.xcdatamodel */ = {isa = PBXFileReference; lastKnownFileType = wrapper.xcdatamodel; path = "Model v7.xcdatamodel"; sourceTree = "<group>"; };
		91FB39B11BDBC8FF00CB2ABA /* Session+CoreDataProperties.swift */ = {isa = PBXFileReference; fileEncoding = 4; lastKnownFileType = sourcecode.swift; path = "Session+CoreDataProperties.swift"; sourceTree = "<group>"; };
		91FB39B31BDC406000CB2ABA /* Move+CoreDataProperties.swift */ = {isa = PBXFileReference; fileEncoding = 4; lastKnownFileType = sourcecode.swift; path = "Move+CoreDataProperties.swift"; sourceTree = "<group>"; };
/* End PBXFileReference section */

/* Begin PBXFrameworksBuildPhase section */
		91E5C3AB1A6BD5C400905752 /* Frameworks */ = {
			isa = PBXFrameworksBuildPhase;
			buildActionMask = 2147483647;
			files = (
			);
			runOnlyForDeploymentPostprocessing = 0;
		};
/* End PBXFrameworksBuildPhase section */

/* Begin PBXGroup section */
		9131388F1C39384000E79987 /* History */ = {
			isa = PBXGroup;
			children = (
				913544061B04058D00041AB6 /* SessionsTableViewController.swift */,
				91E5C3D81A6BDD8300905752 /* HistoryViewController.swift */,
				913138901C393AAB00E79987 /* LogModel.swift */,
				91279C6A1C282CBF00418A57 /* DataExportModel.swift */,
				910791E41C5EA21200199A5D /* ECABLogCalculator.swift */,
			);
			name = History;
			sourceTree = "<group>";
		};
		91658E7F1B0BE3E400879347 /* Sounds */ = {
			isa = PBXGroup;
			children = (
				9130B79E1BCAC83400D26708 /* beep-piano.aif */,
				91658E931B0D20E800879347 /* slide-magic.aif */,
				91658E911B0D1B5700879347 /* beep-attention.aif */,
			);
			name = Sounds;
			sourceTree = "<group>";
		};
		91E5C3A51A6BD5C400905752 = {
			isa = PBXGroup;
			children = (
				91E5C3B01A6BD5C400905752 /* ECAB */,
				91E5C3AF1A6BD5C400905752 /* Products */,
			);
			sourceTree = "<group>";
		};
		91E5C3AF1A6BD5C400905752 /* Products */ = {
			isa = PBXGroup;
			children = (
				91E5C3AE1A6BD5C400905752 /* ECAB.app */,
			);
			name = Products;
			sourceTree = "<group>";
		};
		91E5C3B01A6BD5C400905752 /* ECAB */ = {
			isa = PBXGroup;
			children = (
				9131388F1C39384000E79987 /* History */,
				91658E7F1B0BE3E400879347 /* Sounds */,
				91F448171B089A1C0082EB6A /* Data */,
				91E5C3DC1A6C205600905752 /* Model */,
				91E5C3BC1A6BD5C400905752 /* Images.xcassets */,
				91E5C3DB1A6C204D00905752 /* View */,
				91E5C3DA1A6C204500905752 /* Controller */,
				91E5C3B11A6BD5C400905752 /* Supporting Files */,
			);
			path = ECAB;
			sourceTree = "<group>";
		};
		91E5C3B11A6BD5C400905752 /* Supporting Files */ = {
			isa = PBXGroup;
			children = (
				91E5C3B31A6BD5C400905752 /* AppDelegate.swift */,
				91E5C3BE1A6BD5C400905752 /* LaunchScreen.xib */,
				91E5C3B21A6BD5C400905752 /* Info.plist */,
			);
			name = "Supporting Files";
			sourceTree = "<group>";
		};
		91E5C3DA1A6C204500905752 /* Controller */ = {
			isa = PBXGroup;
			children = (
				917E878F1AAE466C00470759 /* TestsTableViewController.swift */,
				91E5C3D61A6BDB5000905752 /* MenuViewController.swift */,
				91B494861B3598B100FAEE8A /* TestViewController.swift */,
				910367F81A7EC7CA00522B2B /* PlayersTableViewController.swift */,
				91E5C4151A6C6CEC00905752 /* VisualSearchViewController.swift */,
				91C8A6791B24C0AC001F081A /* CounterpointingViewController.swift */,
				91B494841B35981D00FAEE8A /* FlankerViewController.swift */,
				91619A541B45CE80006E1AFC /* VisualSustainViewController.swift */,
			);
			name = Controller;
			sourceTree = "<group>";
		};
		91E5C3DB1A6C204D00905752 /* View */ = {
			isa = PBXGroup;
			children = (
				91E5C3B91A6BD5C400905752 /* Main.storyboard */,
				91E5C4191A6C6F5400905752 /* VisualSearchCell.swift */,
			);
			name = View;
			sourceTree = "<group>";
		};
		91E5C3DC1A6C205600905752 /* Model */ = {
			isa = PBXGroup;
			children = (
				910367F21A7E3B4900522B2B /* Model.swift */,
				91F378461A754EA000D2F77B /* VisualSearchBoard.swift */,
				91F3784A1A75529000D2F77B /* TestItem.swift */,
				91D609B91D133C2D00B8241C /* Timer Extension.swift */,
			);
			name = Model;
			sourceTree = "<group>";
		};
		91F448171B089A1C0082EB6A /* Data */ = {
			isa = PBXGroup;
			children = (
				914346891AFE8A65000FCF3A /* Model.xcdatamodeld */,
				91FB39B31BDC406000CB2ABA /* Move+CoreDataProperties.swift */,
				91FB39B11BDBC8FF00CB2ABA /* Session+CoreDataProperties.swift */,
				9130B7A01BD275E900D26708 /* CounterpointingSession+CoreDataProperties.swift */,
				9130B79C1BCAA82500D26708 /* CounterpointingMove+CoreDataProperties.swift */,
				9130B7981BC94D5100D26708 /* Data+CoreDataProperties.swift */,
				91379BF11B52FEA600E3C293 /* Data.swift */,
				91379BEF1B52A4A400E3C293 /* Player.swift */,
				91379BED1B52A4A400E3C293 /* Session.swift */,
				91379BEB1B52A4A400E3C293 /* Move.swift */,
				91379BE91B52A4A400E3C293 /* CounterpointingMove.swift */,
				91379BE51B52A4A300E3C293 /* CounterpointingSession.swift */,
				91AE3E621B0292ED00871B7A /* CoreDataStack.swift */,
			);
			name = Data;
			sourceTree = "<group>";
		};
/* End PBXGroup section */

/* Begin PBXNativeTarget section */
		91E5C3AD1A6BD5C400905752 /* ECAB */ = {
			isa = PBXNativeTarget;
			buildConfigurationList = 91E5C3CF1A6BD5C400905752 /* Build configuration list for PBXNativeTarget "ECAB" */;
			buildPhases = (
				91E5C3AA1A6BD5C400905752 /* Sources */,
				91E5C3AB1A6BD5C400905752 /* Frameworks */,
				91E5C3AC1A6BD5C400905752 /* Resources */,
			);
			buildRules = (
			);
			dependencies = (
			);
			name = ECAB;
			productName = ECAB;
			productReference = 91E5C3AE1A6BD5C400905752 /* ECAB.app */;
			productType = "com.apple.product-type.application";
		};
/* End PBXNativeTarget section */

/* Begin PBXProject section */
		91E5C3A61A6BD5C400905752 /* Project object */ = {
			isa = PBXProject;
			attributes = {
				CLASSPREFIX = ECAB;
				LastSwiftMigration = 0700;
				LastSwiftUpdateCheck = 0700;
				LastUpgradeCheck = 0920;
				ORGANIZATIONNAME = "Oliver Braddick and Jan Atkinson";
				TargetAttributes = {
					91E5C3AD1A6BD5C400905752 = {
						CreatedOnToolsVersion = 6.1.1;
						DevelopmentTeam = AF8594QJUT;
						LastSwiftMigration = 0830;
						ProvisioningStyle = Automatic;
					};
				};
			};
			buildConfigurationList = 91E5C3A91A6BD5C400905752 /* Build configuration list for PBXProject "ECAB" */;
			compatibilityVersion = "Xcode 3.2";
			developmentRegion = English;
			hasScannedForEncodings = 0;
			knownRegions = (
				en,
				Base,
			);
			mainGroup = 91E5C3A51A6BD5C400905752;
			productRefGroup = 91E5C3AF1A6BD5C400905752 /* Products */;
			projectDirPath = "";
			projectRoot = "";
			targets = (
				91E5C3AD1A6BD5C400905752 /* ECAB */,
			);
		};
/* End PBXProject section */

/* Begin PBXResourcesBuildPhase section */
		91E5C3AC1A6BD5C400905752 /* Resources */ = {
			isa = PBXResourcesBuildPhase;
			buildActionMask = 2147483647;
			files = (
				91E5C3BB1A6BD5C400905752 /* Main.storyboard in Resources */,
				91E5C3C01A6BD5C400905752 /* LaunchScreen.xib in Resources */,
				9130B79F1BCAC83400D26708 /* beep-piano.aif in Resources */,
				91658E941B0D20E800879347 /* slide-magic.aif in Resources */,
				91E5C3BD1A6BD5C400905752 /* Images.xcassets in Resources */,
				91658E921B0D1B5700879347 /* beep-attention.aif in Resources */,
			);
			runOnlyForDeploymentPostprocessing = 0;
		};
/* End PBXResourcesBuildPhase section */

/* Begin PBXSourcesBuildPhase section */
		91E5C3AA1A6BD5C400905752 /* Sources */ = {
			isa = PBXSourcesBuildPhase;
			buildActionMask = 2147483647;
			files = (
				91FB39B21BDBC8FF00CB2ABA /* Session+CoreDataProperties.swift in Sources */,
				91E5C41A1A6C6F5400905752 /* VisualSearchCell.swift in Sources */,
				91FB39B41BDC406000CB2ABA /* Move+CoreDataProperties.swift in Sources */,
				91AE3E631B0292ED00871B7A /* CoreDataStack.swift in Sources */,
				9130B79D1BCAA82500D26708 /* CounterpointingMove+CoreDataProperties.swift in Sources */,
				91E5C3D71A6BDB5000905752 /* MenuViewController.swift in Sources */,
				91619A551B45CE80006E1AFC /* VisualSustainViewController.swift in Sources */,
				91379BF01B52A4A400E3C293 /* Player.swift in Sources */,
				9130B7991BC94D5100D26708 /* Data+CoreDataProperties.swift in Sources */,
				91279C6B1C282CBF00418A57 /* DataExportModel.swift in Sources */,
				91F378471A754EA000D2F77B /* VisualSearchBoard.swift in Sources */,
				913544071B04058D00041AB6 /* SessionsTableViewController.swift in Sources */,
				91E5C3B41A6BD5C400905752 /* AppDelegate.swift in Sources */,
				9143468B1AFE8A65000FCF3A /* Model.xcdatamodeld in Sources */,
				91D609BA1D133C2D00B8241C /* Timer Extension.swift in Sources */,
				917E87901AAE466C00470759 /* TestsTableViewController.swift in Sources */,
				91F3784B1A75529000D2F77B /* TestItem.swift in Sources */,
				91B494851B35981E00FAEE8A /* FlankerViewController.swift in Sources */,
				91379BEA1B52A4A400E3C293 /* CounterpointingMove.swift in Sources */,
				91379BF21B52FEA600E3C293 /* Data.swift in Sources */,
				91E5C3D91A6BDD8300905752 /* HistoryViewController.swift in Sources */,
				910791E51C5EA21200199A5D /* ECABLogCalculator.swift in Sources */,
				9130B7A11BD275E900D26708 /* CounterpointingSession+CoreDataProperties.swift in Sources */,
				91E5C4161A6C6CEC00905752 /* VisualSearchViewController.swift in Sources */,
				91C8A67A1B24C0AC001F081A /* CounterpointingViewController.swift in Sources */,
				91379BE61B52A4A300E3C293 /* CounterpointingSession.swift in Sources */,
				910367F91A7EC7CA00522B2B /* PlayersTableViewController.swift in Sources */,
				91379BEE1B52A4A400E3C293 /* Session.swift in Sources */,
				91B494871B3598B100FAEE8A /* TestViewController.swift in Sources */,
				910367F31A7E3B4900522B2B /* Model.swift in Sources */,
				913138911C393AAB00E79987 /* LogModel.swift in Sources */,
				91379BEC1B52A4A400E3C293 /* Move.swift in Sources */,
			);
			runOnlyForDeploymentPostprocessing = 0;
		};
/* End PBXSourcesBuildPhase section */

/* Begin PBXVariantGroup section */
		91E5C3B91A6BD5C400905752 /* Main.storyboard */ = {
			isa = PBXVariantGroup;
			children = (
				91E5C3BA1A6BD5C400905752 /* Base */,
			);
			name = Main.storyboard;
			sourceTree = "<group>";
		};
		91E5C3BE1A6BD5C400905752 /* LaunchScreen.xib */ = {
			isa = PBXVariantGroup;
			children = (
				91E5C3BF1A6BD5C400905752 /* Base */,
			);
			name = LaunchScreen.xib;
			sourceTree = "<group>";
		};
/* End PBXVariantGroup section */

/* Begin XCBuildConfiguration section */
		91E5C3CD1A6BD5C400905752 /* Debug */ = {
			isa = XCBuildConfiguration;
			buildSettings = {
				ALWAYS_SEARCH_USER_PATHS = NO;
				CLANG_CXX_LANGUAGE_STANDARD = "gnu++0x";
				CLANG_CXX_LIBRARY = "libc++";
				CLANG_ENABLE_MODULES = YES;
				CLANG_ENABLE_OBJC_ARC = YES;
				CLANG_WARN_BLOCK_CAPTURE_AUTORELEASING = YES;
				CLANG_WARN_BOOL_CONVERSION = YES;
				CLANG_WARN_COMMA = YES;
				CLANG_WARN_CONSTANT_CONVERSION = YES;
				CLANG_WARN_DIRECT_OBJC_ISA_USAGE = YES_ERROR;
				CLANG_WARN_EMPTY_BODY = YES;
				CLANG_WARN_ENUM_CONVERSION = YES;
				CLANG_WARN_INFINITE_RECURSION = YES;
				CLANG_WARN_INT_CONVERSION = YES;
				CLANG_WARN_NON_LITERAL_NULL_CONVERSION = YES;
				CLANG_WARN_OBJC_LITERAL_CONVERSION = YES;
				CLANG_WARN_OBJC_ROOT_CLASS = YES_ERROR;
				CLANG_WARN_RANGE_LOOP_ANALYSIS = YES;
				CLANG_WARN_STRICT_PROTOTYPES = YES;
				CLANG_WARN_SUSPICIOUS_MOVE = YES;
				CLANG_WARN_UNREACHABLE_CODE = YES;
				CLANG_WARN__DUPLICATE_METHOD_MATCH = YES;
				"CODE_SIGN_IDENTITY[sdk=iphoneos*]" = "iPhone Developer";
				COPY_PHASE_STRIP = NO;
				ENABLE_STRICT_OBJC_MSGSEND = YES;
				ENABLE_TESTABILITY = YES;
				GCC_C_LANGUAGE_STANDARD = gnu99;
				GCC_DYNAMIC_NO_PIC = NO;
				GCC_NO_COMMON_BLOCKS = YES;
				GCC_OPTIMIZATION_LEVEL = 0;
				GCC_PREPROCESSOR_DEFINITIONS = (
					"DEBUG=1",
					"$(inherited)",
				);
				GCC_SYMBOLS_PRIVATE_EXTERN = NO;
				GCC_WARN_64_TO_32_BIT_CONVERSION = YES;
				GCC_WARN_ABOUT_RETURN_TYPE = YES_ERROR;
				GCC_WARN_UNDECLARED_SELECTOR = YES;
				GCC_WARN_UNINITIALIZED_AUTOS = YES_AGGRESSIVE;
				GCC_WARN_UNUSED_FUNCTION = YES;
				GCC_WARN_UNUSED_VARIABLE = YES;
				IPHONEOS_DEPLOYMENT_TARGET = 8.1;
				MTL_ENABLE_DEBUG_INFO = YES;
				ONLY_ACTIVE_ARCH = YES;
				SDKROOT = iphoneos;
				SWIFT_OPTIMIZATION_LEVEL = "-Onone";
				TARGETED_DEVICE_FAMILY = 2;
			};
			name = Debug;
		};
		91E5C3CE1A6BD5C400905752 /* Release */ = {
			isa = XCBuildConfiguration;
			buildSettings = {
				ALWAYS_SEARCH_USER_PATHS = NO;
				CLANG_CXX_LANGUAGE_STANDARD = "gnu++0x";
				CLANG_CXX_LIBRARY = "libc++";
				CLANG_ENABLE_MODULES = YES;
				CLANG_ENABLE_OBJC_ARC = YES;
				CLANG_WARN_BLOCK_CAPTURE_AUTORELEASING = YES;
				CLANG_WARN_BOOL_CONVERSION = YES;
				CLANG_WARN_COMMA = YES;
				CLANG_WARN_CONSTANT_CONVERSION = YES;
				CLANG_WARN_DIRECT_OBJC_ISA_USAGE = YES_ERROR;
				CLANG_WARN_EMPTY_BODY = YES;
				CLANG_WARN_ENUM_CONVERSION = YES;
				CLANG_WARN_INFINITE_RECURSION = YES;
				CLANG_WARN_INT_CONVERSION = YES;
				CLANG_WARN_NON_LITERAL_NULL_CONVERSION = YES;
				CLANG_WARN_OBJC_LITERAL_CONVERSION = YES;
				CLANG_WARN_OBJC_ROOT_CLASS = YES_ERROR;
				CLANG_WARN_RANGE_LOOP_ANALYSIS = YES;
				CLANG_WARN_STRICT_PROTOTYPES = YES;
				CLANG_WARN_SUSPICIOUS_MOVE = YES;
				CLANG_WARN_UNREACHABLE_CODE = YES;
				CLANG_WARN__DUPLICATE_METHOD_MATCH = YES;
				"CODE_SIGN_IDENTITY[sdk=iphoneos*]" = "iPhone Developer";
				COPY_PHASE_STRIP = YES;
				ENABLE_NS_ASSERTIONS = NO;
				ENABLE_STRICT_OBJC_MSGSEND = YES;
				GCC_C_LANGUAGE_STANDARD = gnu99;
				GCC_NO_COMMON_BLOCKS = YES;
				GCC_WARN_64_TO_32_BIT_CONVERSION = YES;
				GCC_WARN_ABOUT_RETURN_TYPE = YES_ERROR;
				GCC_WARN_UNDECLARED_SELECTOR = YES;
				GCC_WARN_UNINITIALIZED_AUTOS = YES_AGGRESSIVE;
				GCC_WARN_UNUSED_FUNCTION = YES;
				GCC_WARN_UNUSED_VARIABLE = YES;
				IPHONEOS_DEPLOYMENT_TARGET = 8.1;
				MTL_ENABLE_DEBUG_INFO = NO;
				SDKROOT = iphoneos;
				SWIFT_OPTIMIZATION_LEVEL = "-Owholemodule";
				TARGETED_DEVICE_FAMILY = 2;
				VALIDATE_PRODUCT = YES;
			};
			name = Release;
		};
		91E5C3D01A6BD5C400905752 /* Debug */ = {
			isa = XCBuildConfiguration;
			buildSettings = {
				ASSETCATALOG_COMPILER_APPICON_NAME = AppIcon;
				CODE_SIGN_IDENTITY = "iPhone Developer";
				"CODE_SIGN_IDENTITY[sdk=iphoneos*]" = "iPhone Developer";
				DEVELOPMENT_TEAM = AF8594QJUT;
				INFOPLIST_FILE = ECAB/Info.plist;
				LD_RUNPATH_SEARCH_PATHS = "$(inherited) @executable_path/Frameworks";
				PRODUCT_BUNDLE_IDENTIFIER = "net.borisy.$(PRODUCT_NAME:rfc1034identifier)";
				PRODUCT_NAME = "$(TARGET_NAME)";
				PROVISIONING_PROFILE = "";
				SWIFT_VERSION = 3.0;
			};
			name = Debug;
		};
		91E5C3D11A6BD5C400905752 /* Release */ = {
			isa = XCBuildConfiguration;
			buildSettings = {
				ASSETCATALOG_COMPILER_APPICON_NAME = AppIcon;
				CODE_SIGN_IDENTITY = "iPhone Developer";
				"CODE_SIGN_IDENTITY[sdk=iphoneos*]" = "iPhone Developer";
				DEVELOPMENT_TEAM = AF8594QJUT;
				INFOPLIST_FILE = ECAB/Info.plist;
				LD_RUNPATH_SEARCH_PATHS = "$(inherited) @executable_path/Frameworks";
				PRODUCT_BUNDLE_IDENTIFIER = "net.borisy.$(PRODUCT_NAME:rfc1034identifier)";
				PRODUCT_NAME = "$(TARGET_NAME)";
				PROVISIONING_PROFILE = "";
				SWIFT_VERSION = 3.0;
			};
			name = Release;
		};
/* End XCBuildConfiguration section */

/* Begin XCConfigurationList section */
		91E5C3A91A6BD5C400905752 /* Build configuration list for PBXProject "ECAB" */ = {
			isa = XCConfigurationList;
			buildConfigurations = (
				91E5C3CD1A6BD5C400905752 /* Debug */,
				91E5C3CE1A6BD5C400905752 /* Release */,
			);
			defaultConfigurationIsVisible = 0;
			defaultConfigurationName = Release;
		};
		91E5C3CF1A6BD5C400905752 /* Build configuration list for PBXNativeTarget "ECAB" */ = {
			isa = XCConfigurationList;
			buildConfigurations = (
				91E5C3D01A6BD5C400905752 /* Debug */,
				91E5C3D11A6BD5C400905752 /* Release */,
			);
			defaultConfigurationIsVisible = 0;
			defaultConfigurationName = Release;
		};
/* End XCConfigurationList section */

/* Begin XCVersionGroup section */
		914346891AFE8A65000FCF3A /* Model.xcdatamodeld */ = {
			isa = XCVersionGroup;
			children = (
				9106F1281CA6AC5C00A88607 /* Model v10.xcdatamodel */,
				91CCD65B1C0A3E3000A445CC /* Model v9.xcdatamodel */,
				91CCD65A1C01CDD300A445CC /* Model v8.xcdatamodel */,
				91FB39B01BDBC84B00CB2ABA /* Model v7.xcdatamodel */,
				9130B7A21BD2775700D26708 /* Model v6.xcdatamodel */,
				9130B7971BC94BD700D26708 /* Model v5.xcdatamodel */,
				91379BD41B528C9C00E3C293 /* Model v4.xcdatamodel */,
				91B494831B34987100FAEE8A /* Model v3.xcdatamodel */,
				91253DE71B2E1EC600773099 /* Model v2.xcdatamodel */,
				9143468A1AFE8A65000FCF3A /* Model.xcdatamodel */,
			);
			currentVersion = 9106F1281CA6AC5C00A88607 /* Model v10.xcdatamodel */;
			name = Model.xcdatamodeld;
			path = ../Model.xcdatamodeld;
			sourceTree = "<group>";
			versionGroupType = wrapper.xcdatamodel;
		};
/* End XCVersionGroup section */
	};
	rootObject = 91E5C3A61A6BD5C400905752 /* Project object */;
}
